
Microsoft Visual Studio Solution File, Format Version 12.00
# Visual Studio Version 17
VisualStudioVersion = 17.9.34607.119
MinimumVisualStudioVersion = 10.0.40219.1
Project("{FAE04EC0-301F-11D3-BF4B-00C04F79EFBC}") = "CapaPresentacion", "CapaPresentacion\CapaPresentacion.csproj", "{4BB9BEBA-9AE0-4727-B25E-B9D3F209C917}"
EndProject
Project("{FAE04EC0-301F-11D3-BF4B-00C04F79EFBC}") = "CapaDatos", "CapaDatos\CapaDatos.csproj", "{42D63DD1-4E46-4D67-87EA-2C238133390E}"
EndProject
Project("{FAE04EC0-301F-11D3-BF4B-00C04F79EFBC}") = "CapaEntidad", "CapaEntidad\CapaEntidad.csproj", "{201C15C2-3CED-4CD9-80E8-7EE41D9916DC}"
EndProject
Project("{FAE04EC0-301F-11D3-BF4B-00C04F79EFBC}") = "CapaNegocio", "CapaNegocio\CapaNegocio.csproj", "{4B7D8A08-E886-4584-9FED-CF696CF522B5}"
EndProject
Global
	GlobalSection(SolutionConfigurationPlatforms) = preSolution
		Debug|Any CPU = Debug|Any CPU
		Release|Any CPU = Release|Any CPU
	EndGlobalSection
	GlobalSection(ProjectConfigurationPlatforms) = postSolution
		{4BB9BEBA-9AE0-4727-B25E-B9D3F209C917}.Debug|Any CPU.ActiveCfg = Debug|Any CPU
		{4BB9BEBA-9AE0-4727-B25E-B9D3F209C917}.Debug|Any CPU.Build.0 = Debug|Any CPU
		{4BB9BEBA-9AE0-4727-B25E-B9D3F209C917}.Release|Any CPU.ActiveCfg = Release|Any CPU
		{4BB9BEBA-9AE0-4727-B25E-B9D3F209C917}.Release|Any CPU.Build.0 = Release|Any CPU
		{42D63DD1-4E46-4D67-87EA-2C238133390E}.Debug|Any CPU.ActiveCfg = Debug|Any CPU
		{42D63DD1-4E46-4D67-87EA-2C238133390E}.Debug|Any CPU.Build.0 = Debug|Any CPU
		{42D63DD1-4E46-4D67-87EA-2C238133390E}.Release|Any CPU.ActiveCfg = Release|Any CPU
		{42D63DD1-4E46-4D67-87EA-2C238133390E}.Release|Any CPU.Build.0 = Release|Any CPU
		{201C15C2-3CED-4CD9-80E8-7EE41D9916DC}.Debug|Any CPU.ActiveCfg = Debug|Any CPU
		{201C15C2-3CED-4CD9-80E8-7EE41D9916DC}.Debug|Any CPU.Build.0 = Debug|Any CPU
		{201C15C2-3CED-4CD9-80E8-7EE41D9916DC}.Release|Any CPU.ActiveCfg = Release|Any CPU
		{201C15C2-3CED-4CD9-80E8-7EE41D9916DC}.Release|Any CPU.Build.0 = Release|Any CPU
		{4B7D8A08-E886-4584-9FED-CF696CF522B5}.Debug|Any CPU.ActiveCfg = Debug|Any CPU
		{4B7D8A08-E886-4584-9FED-CF696CF522B5}.Debug|Any CPU.Build.0 = Debug|Any CPU
		{4B7D8A08-E886-4584-9FED-CF696CF522B5}.Release|Any CPU.ActiveCfg = Release|Any CPU
		{4B7D8A08-E886-4584-9FED-CF696CF522B5}.Release|Any CPU.Build.0 = Release|Any CPU
	EndGlobalSection
	GlobalSection(SolutionProperties) = preSolution
		HideSolutionNode = FALSE
	EndGlobalSection
	GlobalSection(ExtensibilityGlobals) = postSolution
		SolutionGuid = {305B37FC-2512-4404-98B4-5ED2BCCD484B}
	EndGlobalSection
EndGlobal
